Microsoft Visual Studio Solution File, Format Version 11.00
# Visual Studio 2008

Project("{3FCDE2A7-45D5-41D0-F241-F0D635E3F4A7}") = "DDGame", "Assembly-CSharp.csproj", "{90AE5CA7-5041-2F18-886E-924EB259B654}"
EndProject
Global
	GlobalSection(SolutionConfigurationPlatforms) = preSolution
		Debug|Any CPU = Debug|Any CPU
		Release|Any CPU = Release|Any CPU
	EndGlobalSection
	GlobalSection(ProjectConfigurationPlatforms) = postSolution
		{90AE5CA7-5041-2F18-886E-924EB259B654}.Debug|Any CPU.ActiveCfg = Debug|Any CPU
		{90AE5CA7-5041-2F18-886E-924EB259B654}.Debug|Any CPU.Build.0 = Debug|Any CPU
		{90AE5CA7-5041-2F18-886E-924EB259B654}.Release|Any CPU.ActiveCfg = Release|Any CPU
		{90AE5CA7-5041-2F18-886E-924EB259B654}.Release|Any CPU.Build.0 = Release|Any CPU
	EndGlobalSection
	GlobalSection(SolutionProperties) = preSolution
		HideSolutionNode = FALSE
	EndGlobalSection
	GlobalSection(MonoDevelopProperties) = preSolution
		StartupItem = Assembly-CSharp.csproj
	EndGlobalSection
EndGlobal
